
Microsoft Visual Studio Solution File, Format Version 12.00
# Visual Studio 15
VisualStudioVersion = 15.0.28010.2036
MinimumVisualStudioVersion = 10.0.40219.1
Project("{8BC9CEB8-8B4A-11D0-8D11-00A0C91BC942}") = "3.33.c", "3.33.c\3.33.c.vcxproj", "{EB77A626-4639-4664-8252-2B784B9F7A93}"
EndProject
Global
	GlobalSection(SolutionConfigurationPlatforms) = preSolution
		Debug|x64 = Debug|x64
		Debug|x86 = Debug|x86
		Release|x64 = Release|x64
		Release|x86 = Release|x86
	EndGlobalSection
	GlobalSection(ProjectConfigurationPlatforms) = postSolution
		{EB77A626-4639-4664-8252-2B784B9F7A93}.Debug|x64.ActiveCfg = Debug|x64
		{EB77A626-4639-4664-8252-2B784B9F7A93}.Debug|x64.Build.0 = Debug|x64
		{EB77A626-4639-4664-8252-2B784B9F7A93}.Debug|x86.ActiveCfg = Debug|Win32
		{EB77A626-4639-4664-8252-2B784B9F7A93}.Debug|x86.Build.0 = Debug|Win32
		{EB77A626-4639-4664-8252-2B784B9F7A93}.Release|x64.ActiveCfg = Release|x64
		{EB77A626-4639-4664-8252-2B784B9F7A93}.Release|x64.Build.0 = Release|x64
		{EB77A626-4639-4664-8252-2B784B9F7A93}.Release|x86.ActiveCfg = Release|Win32
		{EB77A626-4639-4664-8252-2B784B9F7A93}.Release|x86.Build.0 = Release|Win32
	EndGlobalSection
	GlobalSection(SolutionProperties) = preSolution
		HideSolutionNode = FALSE
	EndGlobalSection
	GlobalSection(ExtensibilityGlobals) = postSolution
		SolutionGuid = {3722995B-80AA-4066-A84D-865EE69DDCD2}
	EndGlobalSection
EndGlobal
